// !$*UTF8*$!
{
	archiveVersion = 1;
	classes = {
	};
	objectVersion = 77;
	objects = {

/* Begin PBXBuildFile section */
		BE26D5152F57B15F00E28B78 /* MergeCodablePackage in Frameworks */ = {isa = PBXBuildFile; productRef = BE26D5142F57B15F00E28B78 /* MergeCodablePackage */; };
		BE26D7352F57D47200E28B78 /* Localizable.xcstrings in Resources */ = {isa = PBXBuildFile; fileRef = BE8AA7602EFC2EB100C02260 /* Localizable.xcstrings */; };
		BE4E0E2A2F35CBAC004383AB /* Textual in Frameworks */ = {isa = PBXBuildFile; productRef = BE4E0E292F35CBAC004383AB /* Textual */; };
		BE5046DA2F5D8917002CDDB9 /* Constants.swift in Sources */ = {isa = PBXBuildFile; fileRef = BE5046D92F5D8915002CDDB9 /* Constants.swift */; };
		BE5046DB2F5D8917002CDDB9 /* Constants.swift in Sources */ = {isa = PBXBuildFile; fileRef = BE5046D92F5D8915002CDDB9 /* Constants.swift */; };
		BE7FC5142F9A4FD400452820 /* SideBridge in Frameworks */ = {isa = PBXBuildFile; productRef = BE7FC5132F9A4FD400452820 /* SideBridge */; };
		BE810EE12F388F4300B0B211 /* TemporaryScreenCurtain in Frameworks */ = {isa = PBXBuildFile; productRef = BE810EE02F388F4300B0B211 /* TemporaryScreenCurtain */; };
		BE811A382F340E2D00894EA5 /* WidgetKit.framework in Frameworks */ = {isa = PBXBuildFile; fileRef = BE811A372F340E2C00894EA5 /* WidgetKit.framework */; };
		BE811A3A2F340E2D00894EA5 /* SwiftUI.framework in Frameworks */ = {isa = PBXBuildFile; fileRef = BE811A392F340E2D00894EA5 /* SwiftUI.framework */; };
		BE811A452F340E2D00894EA5 /* WidgetExtension.appex in Embed Foundation Extensions */ = {isa = PBXBuildFile; fileRef = BE811A352F340E2C00894EA5 /* WidgetExtension.appex */; settings = {ATTRIBUTES = (RemoveHeadersOnCopy, ); }; };
		BE8AA7612EFC2EB100C02260 /* Localizable.xcstrings in Resources */ = {isa = PBXBuildFile; fileRef = BE8AA7602EFC2EB100C02260 /* Localizable.xcstrings */; };
/* End PBXBuildFile section */

/* Begin PBXContainerItemProxy section */
		BE811A432F340E2D00894EA5 /* PBXContainerItemProxy */ = {
			isa = PBXContainerItemProxy;
			containerPortal = BEB06C422EFBA9AE0026CC6E /* Project object */;
			proxyType = 1;
			remoteGlobalIDString = BE811A342F340E2C00894EA5;
			remoteInfo = WidgetExtensionExtension;
		};
/* End PBXContainerItemProxy section */

/* Begin PBXCopyFilesBuildPhase section */
		BE811A462F340E2D00894EA5 /* Embed Foundation Extensions */ = {
			isa = PBXCopyFilesBuildPhase;
			buildActionMask = 2147483647;
			dstPath = "";
			dstSubfolderSpec = 13;
			files = (
				BE811A452F340E2D00894EA5 /* WidgetExtension.appex in Embed Foundation Extensions */,
			);
			name = "Embed Foundation Extensions";
			runOnlyForDeploymentPostprocessing = 0;
		};
/* End PBXCopyFilesBuildPhase section */

/* Begin PBXFileReference section */
		BE5046D92F5D8915002CDDB9 /* Constants.swift */ = {isa = PBXFileReference; lastKnownFileType = sourcecode.swift; path = Constants.swift; sourceTree = "<group>"; };
		BE5046DC2F5D896A002CDDB9 /* WidgetExtensionExtension.entitlements */ = {isa = PBXFileReference; lastKnownFileType = text.plist.entitlements; path = WidgetExtensionExtension.entitlements; sourceTree = "<group>"; };
		BE811A352F340E2C00894EA5 /* WidgetExtension.appex */ = {isa = PBXFileReference; explicitFileType = "wrapper.app-extension"; includeInIndex = 0; path = WidgetExtension.appex; sourceTree = BUILT_PRODUCTS_DIR; };
		BE811A372F340E2C00894EA5 /* WidgetKit.framework */ = {isa = PBXFileReference; lastKnownFileType = wrapper.framework; name = WidgetKit.framework; path = System/Library/Frameworks/WidgetKit.framework; sourceTree = SDKROOT; };
		BE811A392F340E2D00894EA5 /* SwiftUI.framework */ = {isa = PBXFileReference; lastKnownFileType = wrapper.framework; name = SwiftUI.framework; path = System/Library/Frameworks/SwiftUI.framework; sourceTree = SDKROOT; };
		BE8AA7602EFC2EB100C02260 /* Localizable.xcstrings */ = {isa = PBXFileReference; lastKnownFileType = text.json.xcstrings; path = Localizable.xcstrings; sourceTree = "<group>"; };
		BEB06C4A2EFBA9AE0026CC6E /* Side Search.app */ = {isa = PBXFileReference; explicitFileType = wrapper.application; includeInIndex = 0; path = "Side Search.app"; sourceTree = BUILT_PRODUCTS_DIR; };
/* End PBXFileReference section */

/* Begin PBXFileSystemSynchronizedBuildFileExceptionSet section */
		BE26D6B92F57D08100E28B78 /* Exceptions for "Side Search" folder in "WidgetExtension" target */ = {
			isa = PBXFileSystemSynchronizedBuildFileExceptionSet;
			membershipExceptions = (
				Models/AssistantSupports/AssistantActivity.swift,
			);
			target = BE811A342F340E2C00894EA5 /* WidgetExtension */;
		};
		BE811A492F340E2D00894EA5 /* Exceptions for "WidgetExtension" folder in "WidgetExtension" target */ = {
			isa = PBXFileSystemSynchronizedBuildFileExceptionSet;
			membershipExceptions = (
				Info.plist,
			);
			target = BE811A342F340E2C00894EA5 /* WidgetExtension */;
		};
		BE811A4F2F340F7100894EA5 /* Exceptions for "WidgetExtension" folder in "Side Search" target */ = {
			isa = PBXFileSystemSynchronizedBuildFileExceptionSet;
			membershipExceptions = (
				StartAssistantControl.swift,
			);
			target = BEB06C492EFBA9AE0026CC6E /* Side Search */;
		};
/* End PBXFileSystemSynchronizedBuildFileExceptionSet section */

/* Begin PBXFileSystemSynchronizedRootGroup section */
		BE811A3B2F340E2D00894EA5 /* WidgetExtension */ = {
			isa = PBXFileSystemSynchronizedRootGroup;
			exceptions = (
				BE811A4F2F340F7100894EA5 /* Exceptions for "WidgetExtension" folder in "Side Search" target */,
				BE811A492F340E2D00894EA5 /* Exceptions for "WidgetExtension" folder in "WidgetExtension" target */,
			);
			path = WidgetExtension;
			sourceTree = "<group>";
		};
		BEB06C4C2EFBA9AE0026CC6E /* Side Search */ = {
			isa = PBXFileSystemSynchronizedRootGroup;
			exceptions = (
				BE26D6B92F57D08100E28B78 /* Exceptions for "Side Search" folder in "WidgetExtension" target */,
			);
			path = "Side Search";
			sourceTree = "<group>";
		};
		BEC09CB52F7B59DC005028B7 /* SharedIntents */ = {
			isa = PBXFileSystemSynchronizedRootGroup;
			path = SharedIntents;
			sourceTree = "<group>";
		};
/* End PBXFileSystemSynchronizedRootGroup section */

/* Begin PBXFrameworksBuildPhase section */
		BE811A322F340E2C00894EA5 /* Frameworks */ = {
			isa = PBXFrameworksBuildPhase;
			buildActionMask = 2147483647;
			files = (
				BE811A3A2F340E2D00894EA5 /* SwiftUI.framework in Frameworks */,
				BE811A382F340E2D00894EA5 /* WidgetKit.framework in Frameworks */,
			);
			runOnlyForDeploymentPostprocessing = 0;
		};
		BEB06C472EFBA9AE0026CC6E /* Frameworks */ = {
			isa = PBXFrameworksBuildPhase;
			buildActionMask = 2147483647;
			files = (
				BE7FC5142F9A4FD400452820 /* SideBridge in Frameworks */,
				BE4E0E2A2F35CBAC004383AB /* Textual in Frameworks */,
				BE810EE12F388F4300B0B211 /* TemporaryScreenCurtain in Frameworks */,
				BE26D5152F57B15F00E28B78 /* MergeCodablePackage in Frameworks */,
			);
			runOnlyForDeploymentPostprocessing = 0;
		};
/* End PBXFrameworksBuildPhase section */

/* Begin PBXGroup section */
		BE811A362F340E2C00894EA5 /* Frameworks */ = {
			isa = PBXGroup;
			children = (
				BE811A372F340E2C00894EA5 /* WidgetKit.framework */,
				BE811A392F340E2D00894EA5 /* SwiftUI.framework */,
			);
			name = Frameworks;
			sourceTree = "<group>";
		};
		BEB06C412EFBA9AE0026CC6E = {
			isa = PBXGroup;
			children = (
				BE5046D92F5D8915002CDDB9 /* Constants.swift */,
				BE5046DC2F5D896A002CDDB9 /* WidgetExtensionExtension.entitlements */,
				BE8AA7602EFC2EB100C02260 /* Localizable.xcstrings */,
				BEC09CB52F7B59DC005028B7 /* SharedIntents */,
				BEB06C4C2EFBA9AE0026CC6E /* Side Search */,
				BE811A3B2F340E2D00894EA5 /* WidgetExtension */,
				BE811A362F340E2C00894EA5 /* Frameworks */,
				BEB06C4B2EFBA9AE0026CC6E /* Products */,
			);
			sourceTree = "<group>";
		};
		BEB06C4B2EFBA9AE0026CC6E /* Products */ = {
			isa = PBXGroup;
			children = (
				BEB06C4A2EFBA9AE0026CC6E /* Side Search.app */,
				BE811A352F340E2C00894EA5 /* WidgetExtension.appex */,
			);
			name = Products;
			sourceTree = "<group>";
		};
/* End PBXGroup section */

/* Begin PBXNativeTarget section */
		BE811A342F340E2C00894EA5 /* WidgetExtension */ = {
			isa = PBXNativeTarget;
			buildConfigurationList = BE811A4A2F340E2D00894EA5 /* Build configuration list for PBXNativeTarget "WidgetExtension" */;
			buildPhases = (
				BE811A312F340E2C00894EA5 /* Sources */,
				BE811A322F340E2C00894EA5 /* Frameworks */,
				BE811A332F340E2C00894EA5 /* Resources */,
			);
			buildRules = (
			);
			dependencies = (
			);
			fileSystemSynchronizedGroups = (
				BE811A3B2F340E2D00894EA5 /* WidgetExtension */,
				BEC09CB52F7B59DC005028B7 /* SharedIntents */,
			);
			name = WidgetExtension;
			packageProductDependencies = (
			);
			productName = WidgetExtensionExtension;
			productReference = BE811A352F340E2C00894EA5 /* WidgetExtension.appex */;
			productType = "com.apple.product-type.app-extension";
		};
		BEB06C492EFBA9AE0026CC6E /* Side Search */ = {
			isa = PBXNativeTarget;
			buildConfigurationList = BEB06C552EFBA9AF0026CC6E /* Build configuration list for PBXNativeTarget "Side Search" */;
			buildPhases = (
				BEB06C462EFBA9AE0026CC6E /* Sources */,
				BEB06C472EFBA9AE0026CC6E /* Frameworks */,
				BEB06C482EFBA9AE0026CC6E /* Resources */,
				BE811A462F340E2D00894EA5 /* Embed Foundation Extensions */,
			);
			buildRules = (
			);
			dependencies = (
				BE811A442F340E2D00894EA5 /* PBXTargetDependency */,
			);
			fileSystemSynchronizedGroups = (
				BEB06C4C2EFBA9AE0026CC6E /* Side Search */,
				BEC09CB52F7B59DC005028B7 /* SharedIntents */,
			);
			name = "Side Search";
			packageProductDependencies = (
				BE4E0E292F35CBAC004383AB /* Textual */,
				BE810EE02F388F4300B0B211 /* TemporaryScreenCurtain */,
				BE26D5142F57B15F00E28B78 /* MergeCodablePackage */,
				BE7FC5132F9A4FD400452820 /* SideBridge */,
			);
			productName = "Side Search";
			productReference = BEB06C4A2EFBA9AE0026CC6E /* Side Search.app */;
			productType = "com.apple.product-type.application";
		};
/* End PBXNativeTarget section */

/* Begin PBXProject section */
		BEB06C422EFBA9AE0026CC6E /* Project object */ = {
			isa = PBXProject;
			attributes = {
				BuildIndependentTargetsInParallel = 1;
				LastSwiftUpdateCheck = 2630;
				LastUpgradeCheck = 2630;
				TargetAttributes = {
					BE811A342F340E2C00894EA5 = {
						CreatedOnToolsVersion = 26.3;
					};
					BEB06C492EFBA9AE0026CC6E = {
						CreatedOnToolsVersion = 26.2;
					};
				};
			};
			buildConfigurationList = BEB06C452EFBA9AE0026CC6E /* Build configuration list for PBXProject "Side Search" */;
			developmentRegion = en;
			hasScannedForEncodings = 0;
			knownRegions = (
				en,
				Base,
				ja,
			);
			mainGroup = BEB06C412EFBA9AE0026CC6E;
			minimizedProjectReferenceProxies = 1;
			packageReferences = (
				BE4E0E282F35CBAC004383AB /* XCRemoteSwiftPackageReference "textual" */,
				BE810EDF2F388F4300B0B211 /* XCRemoteSwiftPackageReference "swiftui-temporary-screen-curtain" */,
				BE26D5132F57B15F00E28B78 /* XCRemoteSwiftPackageReference "swift-merge-codable" */,
				BE7FC5122F9A4FD400452820 /* XCRemoteSwiftPackageReference "swift-sidebridge" */,
			);
			preferredProjectObjectVersion = 77;
			productRefGroup = BEB06C4B2EFBA9AE0026CC6E /* Products */;
			projectDirPath = "";
			projectRoot = "";
			targets = (
				BEB06C492EFBA9AE0026CC6E /* Side Search */,
				BE811A342F340E2C00894EA5 /* WidgetExtension */,
			);
		};
/* End PBXProject section */

/* Begin PBXResourcesBuildPhase section */
		BE811A332F340E2C00894EA5 /* Resources */ = {
			isa = PBXResourcesBuildPhase;
			buildActionMask = 2147483647;
			files = (
				BE26D7352F57D47200E28B78 /* Localizable.xcstrings in Resources */,
			);
			runOnlyForDeploymentPostprocessing = 0;
		};
		BEB06C482EFBA9AE0026CC6E /* Resources */ = {
			isa = PBXResourcesBuildPhase;
			buildActionMask = 2147483647;
			files = (
				BE8AA7612EFC2EB100C02260 /* Localizable.xcstrings in Resources */,
			);
			runOnlyForDeploymentPostprocessing = 0;
		};
/* End PBXResourcesBuildPhase section */

/* Begin PBXSourcesBuildPhase section */
		BE811A312F340E2C00894EA5 /* Sources */ = {
			isa = PBXSourcesBuildPhase;
			buildActionMask = 2147483647;
			files = (
				BE5046DB2F5D8917002CDDB9 /* Constants.swift in Sources */,
			);
			runOnlyForDeploymentPostprocessing = 0;
		};
		BEB06C462EFBA9AE0026CC6E /* Sources */ = {
			isa = PBXSourcesBuildPhase;
			buildActionMask = 2147483647;
			files = (
				BE5046DA2F5D8917002CDDB9 /* Constants.swift in Sources */,
			);
			runOnlyForDeploymentPostprocessing = 0;
		};
/* End PBXSourcesBuildPhase section */

/* Begin PBXTargetDependency section */
		BE811A442F340E2D00894EA5 /* PBXTargetDependency */ = {
			isa = PBXTargetDependency;
			target = BE811A342F340E2C00894EA5 /* WidgetExtension */;
			targetProxy = BE811A432F340E2D00894EA5 /* PBXContainerItemProxy */;
		};
/* End PBXTargetDependency section */

/* Begin XCBuildConfiguration section */
		BE811A472F340E2D00894EA5 /* Debug */ = {
			isa = XCBuildConfiguration;
			buildSettings = {
				ASSETCATALOG_COMPILER_GLOBAL_ACCENT_COLOR_NAME = AccentColor;
				ASSETCATALOG_COMPILER_WIDGET_BACKGROUND_COLOR_NAME = WidgetBackground;
				CODE_SIGN_ENTITLEMENTS = WidgetExtensionExtension.entitlements;
				CODE_SIGN_STYLE = Automatic;
				CURRENT_PROJECT_VERSION = 58;
				DEVELOPMENT_TEAM = PBJKH22479;
				GENERATE_INFOPLIST_FILE = YES;
				INFOPLIST_FILE = WidgetExtension/Info.plist;
				INFOPLIST_KEY_CFBundleDisplayName = WidgetExtension;
				INFOPLIST_KEY_NSHumanReadableCopyright = "";
				LD_RUNPATH_SEARCH_PATHS = (
					"$(inherited)",
					"@executable_path/Frameworks",
					"@executable_path/../../Frameworks",
				);
				MARKETING_VERSION = 3.2;
				PRODUCT_BUNDLE_IDENTIFIER = dev.smartium.sidesearch.WidgetExtension;
				PRODUCT_NAME = "$(TARGET_NAME)";
				SKIP_INSTALL = YES;
				STRING_CATALOG_GENERATE_SYMBOLS = YES;
				SWIFT_APPROACHABLE_CONCURRENCY = YES;
				SWIFT_EMIT_LOC_STRINGS = YES;
				SWIFT_UPCOMING_FEATURE_MEMBER_IMPORT_VISIBILITY = YES;
				SWIFT_VERSION = 5.0;
				TARGETED_DEVICE_FAMILY = "1,2";
			};
			name = Debug;
		};
		BE811A482F340E2D00894EA5 /* Release */ = {
			isa = XCBuildConfiguration;
			buildSettings = {
				ASSETCATALOG_COMPILER_GLOBAL_ACCENT_COLOR_NAME = AccentColor;
				ASSETCATALOG_COMPILER_WIDGET_BACKGROUND_COLOR_NAME = WidgetBackground;
				CODE_SIGN_ENTITLEMENTS = WidgetExtensionExtension.entitlements;
				CODE_SIGN_STYLE = Automatic;
				CURRENT_PROJECT_VERSION = 58;
				DEVELOPMENT_TEAM = PBJKH22479;
				GENERATE_INFOPLIST_FILE = YES;
				INFOPLIST_FILE = WidgetExtension/Info.plist;
				INFOPLIST_KEY_CFBundleDisplayName = WidgetExtension;
				INFOPLIST_KEY_NSHumanReadableCopyright = "";
				LD_RUNPATH_SEARCH_PATHS = (
					"$(inherited)",
					"@executable_path/Frameworks",
					"@executable_path/../../Frameworks",
				);
				MARKETING_VERSION = 3.2;
				PRODUCT_BUNDLE_IDENTIFIER = dev.smartium.sidesearch.WidgetExtension;
				PRODUCT_NAME = "$(TARGET_NAME)";
				SKIP_INSTALL = YES;
				STRING_CATALOG_GENERATE_SYMBOLS = YES;
				SWIFT_APPROACHABLE_CONCURRENCY = YES;
				SWIFT_EMIT_LOC_STRINGS = YES;
				SWIFT_UPCOMING_FEATURE_MEMBER_IMPORT_VISIBILITY = YES;
				SWIFT_VERSION = 5.0;
				TARGETED_DEVICE_FAMILY = "1,2";
			};
			name = Release;
		};
		BEB06C532EFBA9AF0026CC6E /* Debug */ = {
			isa = XCBuildConfiguration;
			buildSettings = {
				ALWAYS_SEARCH_USER_PATHS = NO;
				ASSETCATALOG_COMPILER_GENERATE_SWIFT_ASSET_SYMBOL_EXTENSIONS = YES;
				CLANG_ANALYZER_LOCALIZABILITY_NONLOCALIZED = YES;
				CLANG_ANALYZER_NONNULL = YES;
				CLANG_ANALYZER_NUMBER_OBJECT_CONVERSION = YES_AGGRESSIVE;
				CLANG_CXX_LANGUAGE_STANDARD = "gnu++20";
				CLANG_ENABLE_MODULES = YES;
				CLANG_ENABLE_OBJC_ARC = YES;
				CLANG_ENABLE_OBJC_WEAK = YES;
				CLANG_WARN_BLOCK_CAPTURE_AUTORELEASING = YES;
				CLANG_WARN_BOOL_CONVERSION = YES;
				CLANG_WARN_COMMA = YES;
				CLANG_WARN_CONSTANT_CONVERSION = YES;
				CLANG_WARN_DEPRECATED_OBJC_IMPLEMENTATIONS = YES;
				CLANG_WARN_DIRECT_OBJC_ISA_USAGE = YES_ERROR;
				CLANG_WARN_DOCUMENTATION_COMMENTS = YES;
				CLANG_WARN_EMPTY_BODY = YES;
				CLANG_WARN_ENUM_CONVERSION = YES;
				CLANG_WARN_INFINITE_RECURSION = YES;
				CLANG_WARN_INT_CONVERSION = YES;
				CLANG_WARN_NON_LITERAL_NULL_CONVERSION = YES;
				CLANG_WARN_OBJC_IMPLICIT_RETAIN_SELF = YES;
				CLANG_WARN_OBJC_LITERAL_CONVERSION = YES;
				CLANG_WARN_OBJC_ROOT_CLASS = YES_ERROR;
				CLANG_WARN_QUOTED_INCLUDE_IN_FRAMEWORK_HEADER = YES;
				CLANG_WARN_RANGE_LOOP_ANALYSIS = YES;
				CLANG_WARN_STRICT_PROTOTYPES = YES;
				CLANG_WARN_SUSPICIOUS_MOVE = YES;
				CLANG_WARN_UNGUARDED_AVAILABILITY = YES_AGGRESSIVE;
				CLANG_WARN_UNREACHABLE_CODE = YES;
				CLANG_WARN__DUPLICATE_METHOD_MATCH = YES;
				COPY_PHASE_STRIP = NO;
				DEBUG_INFORMATION_FORMAT = dwarf;
				DEVELOPMENT_TEAM = Z8R89S24YT;
				ENABLE_STRICT_OBJC_MSGSEND = YES;
				ENABLE_TESTABILITY = YES;
				ENABLE_USER_SCRIPT_SANDBOXING = YES;
				GCC_C_LANGUAGE_STANDARD = gnu17;
				GCC_DYNAMIC_NO_PIC = NO;
				GCC_NO_COMMON_BLOCKS = YES;
				GCC_OPTIMIZATION_LEVEL = 0;
				GCC_PREPROCESSOR_DEFINITIONS = (
					"DEBUG=1",
					"$(inherited)",
				);
				GCC_WARN_64_TO_32_BIT_CONVERSION = YES;
				GCC_WARN_ABOUT_RETURN_TYPE = YES_ERROR;
				GCC_WARN_UNDECLARED_SELECTOR = YES;
				GCC_WARN_UNINITIALIZED_AUTOS = YES_AGGRESSIVE;
				GCC_WARN_UNUSED_FUNCTION = YES;
				GCC_WARN_UNUSED_VARIABLE = YES;
				IPHONEOS_DEPLOYMENT_TARGET = 26.2;
				LOCALIZATION_PREFERS_STRING_CATALOGS = YES;
				MTL_ENABLE_DEBUG_INFO = INCLUDE_SOURCE;
				MTL_FAST_MATH = YES;
				ONLY_ACTIVE_ARCH = YES;
				SDKROOT = iphoneos;
				STRING_CATALOG_GENERATE_SYMBOLS = YES;
				SWIFT_ACTIVE_COMPILATION_CONDITIONS = "DEBUG $(inherited)";
				SWIFT_EMIT_LOC_STRINGS = YES;
				SWIFT_OPTIMIZATION_LEVEL = "-Onone";
			};
			name = Debug;
		};
		BEB06C542EFBA9AF0026CC6E /* Release */ = {
			isa = XCBuildConfiguration;
			buildSettings = {
				ALWAYS_SEARCH_USER_PATHS = NO;
				ASSETCATALOG_COMPILER_GENERATE_SWIFT_ASSET_SYMBOL_EXTENSIONS = YES;
				CLANG_ANALYZER_LOCALIZABILITY_NONLOCALIZED = YES;
				CLANG_ANALYZER_NONNULL = YES;
				CLANG_ANALYZER_NUMBER_OBJECT_CONVERSION = YES_AGGRESSIVE;
				CLANG_CXX_LANGUAGE_STANDARD = "gnu++20";
				CLANG_ENABLE_MODULES = YES;
				CLANG_ENABLE_OBJC_ARC = YES;
				CLANG_ENABLE_OBJC_WEAK = YES;
				CLANG_WARN_BLOCK_CAPTURE_AUTORELEASING = YES;
				CLANG_WARN_BOOL_CONVERSION = YES;
				CLANG_WARN_COMMA = YES;
				CLANG_WARN_CONSTANT_CONVERSION = YES;
				CLANG_WARN_DEPRECATED_OBJC_IMPLEMENTATIONS = YES;
				CLANG_WARN_DIRECT_OBJC_ISA_USAGE = YES_ERROR;
				CLANG_WARN_DOCUMENTATION_COMMENTS = YES;
				CLANG_WARN_EMPTY_BODY = YES;
				CLANG_WARN_ENUM_CONVERSION = YES;
				CLANG_WARN_INFINITE_RECURSION = YES;
				CLANG_WARN_INT_CONVERSION = YES;
				CLANG_WARN_NON_LITERAL_NULL_CONVERSION = YES;
				CLANG_WARN_OBJC_IMPLICIT_RETAIN_SELF = YES;
				CLANG_WARN_OBJC_LITERAL_CONVERSION = YES;
				CLANG_WARN_OBJC_ROOT_CLASS = YES_ERROR;
				CLANG_WARN_QUOTED_INCLUDE_IN_FRAMEWORK_HEADER = YES;
				CLANG_WARN_RANGE_LOOP_ANALYSIS = YES;
				CLANG_WARN_STRICT_PROTOTYPES = YES;
				CLANG_WARN_SUSPICIOUS_MOVE = YES;
				CLANG_WARN_UNGUARDED_AVAILABILITY = YES_AGGRESSIVE;
				CLANG_WARN_UNREACHABLE_CODE = YES;
				CLANG_WARN__DUPLICATE_METHOD_MATCH = YES;
				COPY_PHASE_STRIP = NO;
				DEBUG_INFORMATION_FORMAT = "dwarf-with-dsym";
				DEVELOPMENT_TEAM = Z8R89S24YT;
				ENABLE_NS_ASSERTIONS = NO;
				ENABLE_STRICT_OBJC_MSGSEND = YES;
				ENABLE_USER_SCRIPT_SANDBOXING = YES;
				GCC_C_LANGUAGE_STANDARD = gnu17;
				GCC_NO_COMMON_BLOCKS = YES;
				GCC_WARN_64_TO_32_BIT_CONVERSION = YES;
				GCC_WARN_ABOUT_RETURN_TYPE = YES_ERROR;
				GCC_WARN_UNDECLARED_SELECTOR = YES;
				GCC_WARN_UNINITIALIZED_AUTOS = YES_AGGRESSIVE;
				GCC_WARN_UNUSED_FUNCTION = YES;
				GCC_WARN_UNUSED_VARIABLE = YES;
				IPHONEOS_DEPLOYMENT_TARGET = 26.2;
				LOCALIZATION_PREFERS_STRING_CATALOGS = YES;
				MTL_ENABLE_DEBUG_INFO = NO;
				MTL_FAST_MATH = YES;
				SDKROOT = iphoneos;
				STRING_CATALOG_GENERATE_SYMBOLS = YES;
				SWIFT_COMPILATION_MODE = wholemodule;
				SWIFT_EMIT_LOC_STRINGS = YES;
				VALIDATE_PRODUCT = YES;
			};
			name = Release;
		};
		BEB06C562EFBA9AF0026CC6E /* Debug */ = {
			isa = XCBuildConfiguration;
			buildSettings = {
				ASSETCATALOG_COMPILER_APPICON_NAME = AppIcon;
				ASSETCATALOG_COMPILER_GLOBAL_ACCENT_COLOR_NAME = AccentColor;
				ASSETCATALOG_COMPILER_INCLUDE_ALL_APPICON_ASSETS = YES;
				CODE_SIGN_ENTITLEMENTS = "Side Search/Side Search.entitlements";
				CODE_SIGN_STYLE = Automatic;
				CURRENT_PROJECT_VERSION = 58;
				DEVELOPMENT_TEAM = PBJKH22479;
				ENABLE_PREVIEWS = YES;
				GENERATE_INFOPLIST_FILE = YES;
				INFOPLIST_FILE = "Side-Search-Info.plist";
				INFOPLIST_KEY_ITSAppUsesNonExemptEncryption = NO;
				INFOPLIST_KEY_LSApplicationCategoryType = "public.app-category.utilities";
				INFOPLIST_KEY_NSMicrophoneUsageDescription = "Use the microphone to search with speech recognition.";
				INFOPLIST_KEY_NSSpeechRecognitionUsageDescription = "To recognize speech and perform searches.";
				INFOPLIST_KEY_NSSupportsLiveActivities = YES;
				INFOPLIST_KEY_UIApplicationSupportsIndirectInputEvents = YES;
				INFOPLIST_KEY_UILaunchScreen_Generation = YES;
				INFOPLIST_KEY_UISupportedInterfaceOrientations = "UIInterfaceOrientationLandscapeLeft UIInterfaceOrientationLandscapeRight UIInterfaceOrientationPortrait UIInterfaceOrientationPortraitUpsideDown";
				LD_RUNPATH_SEARCH_PATHS = (
					"$(inherited)",
					"@executable_path/Frameworks",
				);
				MARKETING_VERSION = 3.2;
				PRODUCT_BUNDLE_IDENTIFIER = dev.smartium.sidesearch;
				PRODUCT_NAME = "$(TARGET_NAME)";
				STRING_CATALOG_GENERATE_SYMBOLS = YES;
				SUPPORTED_PLATFORMS = "iphoneos iphonesimulator";
				SUPPORTS_MACCATALYST = NO;
				SUPPORTS_MAC_DESIGNED_FOR_IPHONE_IPAD = YES;
				SUPPORTS_XR_DESIGNED_FOR_IPHONE_IPAD = YES;
				SWIFT_APPROACHABLE_CONCURRENCY = YES;
				SWIFT_DEFAULT_ACTOR_ISOLATION = MainActor;
				SWIFT_EMIT_LOC_STRINGS = YES;
				SWIFT_UPCOMING_FEATURE_MEMBER_IMPORT_VISIBILITY = YES;
				SWIFT_VERSION = 5.0;
				TARGETED_DEVICE_FAMILY = "1,2";
			};
			name = Debug;
		};
		BEB06C572EFBA9AF0026CC6E /* Release */ = {
			isa = XCBuildConfiguration;
			buildSettings = {
				ASSETCATALOG_COMPILER_APPICON_NAME = AppIcon;
				ASSETCATALOG_COMPILER_GLOBAL_ACCENT_COLOR_NAME = AccentColor;
				ASSETCATALOG_COMPILER_INCLUDE_ALL_APPICON_ASSETS = YES;
				CODE_SIGN_ENTITLEMENTS = "Side Search/Side Search.entitlements";
				CODE_SIGN_STYLE = Automatic;
				CURRENT_PROJECT_VERSION = 58;
				DEVELOPMENT_TEAM = PBJKH22479;
				ENABLE_PREVIEWS = YES;
				GENERATE_INFOPLIST_FILE = YES;
				INFOPLIST_FILE = "Side-Search-Info.plist";
				INFOPLIST_KEY_ITSAppUsesNonExemptEncryption = NO;
				INFOPLIST_KEY_LSApplicationCategoryType = "public.app-category.utilities";
				INFOPLIST_KEY_NSMicrophoneUsageDescription = "Use the microphone to search with speech recognition.";
				INFOPLIST_KEY_NSSpeechRecognitionUsageDescription = "To recognize speech and perform searches.";
				INFOPLIST_KEY_NSSupportsLiveActivities = YES;
				INFOPLIST_KEY_UIApplicationSupportsIndirectInputEvents = YES;
				INFOPLIST_KEY_UILaunchScreen_Generation = YES;
				INFOPLIST_KEY_UISupportedInterfaceOrientations = "UIInterfaceOrientationLandscapeLeft UIInterfaceOrientationLandscapeRight UIInterfaceOrientationPortrait UIInterfaceOrientationPortraitUpsideDown";
				LD_RUNPATH_SEARCH_PATHS = (
					"$(inherited)",
					"@executable_path/Frameworks",
				);
				MARKETING_VERSION = 3.2;
				PRODUCT_BUNDLE_IDENTIFIER = dev.smartium.sidesearch;
				PRODUCT_NAME = "$(TARGET_NAME)";
				STRING_CATALOG_GENERATE_SYMBOLS = YES;
				SUPPORTED_PLATFORMS = "iphoneos iphonesimulator";
				SUPPORTS_MACCATALYST = NO;
				SUPPORTS_MAC_DESIGNED_FOR_IPHONE_IPAD = YES;
				SUPPORTS_XR_DESIGNED_FOR_IPHONE_IPAD = YES;
				SWIFT_APPROACHABLE_CONCURRENCY = YES;
				SWIFT_DEFAULT_ACTOR_ISOLATION = MainActor;
				SWIFT_EMIT_LOC_STRINGS = YES;
				SWIFT_UPCOMING_FEATURE_MEMBER_IMPORT_VISIBILITY = YES;
				SWIFT_VERSION = 5.0;
				TARGETED_DEVICE_FAMILY = "1,2";
			};
			name = Release;
		};
/* End XCBuildConfiguration section */

/* Begin XCConfigurationList section */
		BE811A4A2F340E2D00894EA5 /* Build configuration list for PBXNativeTarget "WidgetExtension" */ = {
			isa = XCConfigurationList;
			buildConfigurations = (
				BE811A472F340E2D00894EA5 /* Debug */,
				BE811A482F340E2D00894EA5 /* Release */,
			);
			defaultConfigurationIsVisible = 0;
			defaultConfigurationName = Release;
		};
		BEB06C452EFBA9AE0026CC6E /* Build configuration list for PBXProject "Side Search" */ = {
			isa = XCConfigurationList;
			buildConfigurations = (
				BEB06C532EFBA9AF0026CC6E /* Debug */,
				BEB06C542EFBA9AF0026CC6E /* Release */,
			);
			defaultConfigurationIsVisible = 0;
			defaultConfigurationName = Release;
		};
		BEB06C552EFBA9AF0026CC6E /* Build configuration list for PBXNativeTarget "Side Search" */ = {
			isa = XCConfigurationList;
			buildConfigurations = (
				BEB06C562EFBA9AF0026CC6E /* Debug */,
				BEB06C572EFBA9AF0026CC6E /* Release */,
			);
			defaultConfigurationIsVisible = 0;
			defaultConfigurationName = Release;
		};
/* End XCConfigurationList section */

/* Begin XCRemoteSwiftPackageReference section */
		BE26D5132F57B15F00E28B78 /* XCRemoteSwiftPackageReference "swift-merge-codable" */ = {
			isa = XCRemoteSwiftPackageReference;
			repositoryURL = "https://github.com/Cizzuk/swift-merge-codable";
			requirement = {
				branch = main;
				kind = branch;
			};
		};
		BE4E0E282F35CBAC004383AB /* XCRemoteSwiftPackageReference "textual" */ = {
			isa = XCRemoteSwiftPackageReference;
			repositoryURL = "https://github.com/gonzalezreal/textual";
			requirement = {
				kind = upToNextMajorVersion;
				minimumVersion = 0.3.1;
			};
		};
		BE7FC5122F9A4FD400452820 /* XCRemoteSwiftPackageReference "swift-sidebridge" */ = {
			isa = XCRemoteSwiftPackageReference;
			repositoryURL = "https://github.com/Cizzuk/swift-sidebridge";
			requirement = {
				kind = upToNextMajorVersion;
				minimumVersion = 1.0.0;
			};
		};
		BE810EDF2F388F4300B0B211 /* XCRemoteSwiftPackageReference "swiftui-temporary-screen-curtain" */ = {
			isa = XCRemoteSwiftPackageReference;
			repositoryURL = "https://github.com/Cizzuk/swiftui-temporary-screen-curtain";
			requirement = {
				branch = main;
				kind = branch;
			};
		};
/* End XCRemoteSwiftPackageReference section */

/* Begin XCSwiftPackageProductDependency section */
		BE26D5142F57B15F00E28B78 /* MergeCodablePackage */ = {
			isa = XCSwiftPackageProductDependency;
			package = BE26D5132F57B15F00E28B78 /* XCRemoteSwiftPackageReference "swift-merge-codable" */;
			productName = MergeCodablePackage;
		};
		BE4E0E292F35CBAC004383AB /* Textual */ = {
			isa = XCSwiftPackageProductDependency;
			package = BE4E0E282F35CBAC004383AB /* XCRemoteSwiftPackageReference "textual" */;
			productName = Textual;
		};
		BE7FC5132F9A4FD400452820 /* SideBridge */ = {
			isa = XCSwiftPackageProductDependency;
			package = BE7FC5122F9A4FD400452820 /* XCRemoteSwiftPackageReference "swift-sidebridge" */;
			productName = SideBridge;
		};
		BE810EE02F388F4300B0B211 /* TemporaryScreenCurtain */ = {
			isa = XCSwiftPackageProductDependency;
			package = BE810EDF2F388F4300B0B211 /* XCRemoteSwiftPackageReference "swiftui-temporary-screen-curtain" */;
			productName = TemporaryScreenCurtain;
		};
/* End XCSwiftPackageProductDependency section */
	};
	rootObject = BEB06C422EFBA9AE0026CC6E /* Project object */;
}
